
Microsoft Visual Studio Solution File, Format Version 12.00
Project("{FAE04EC0-301F-11D3-BF4B-00C04F79EFBC}") = "HiveMinds", "HiveMinds\HiveMinds.csproj", "{EF525BB2-D718-4D35-8809-4F7033608590}"
EndProject
Project("{FAE04EC0-301F-11D3-BF4B-00C04F79EFBC}") = "HiveMinds.API", "HiveMinds.API\HiveMinds.API.csproj", "{47C1833F-9DD3-4B9C-82FE-88EAA2845C57}"
EndProject
Project("{FAE04EC0-301F-11D3-BF4B-00C04F79EFBC}") = "HiveMinds.Database", "HiveMinds.Database\HiveMinds.Database.csproj", "{B17894C8-2F88-4C9A-BC64-29B100288245}"
EndProject
Project("{FAE04EC0-301F-11D3-BF4B-00C04F79EFBC}") = "HiveMinds.Models", "HiveMinds.Models\HiveMinds.Models.csproj", "{0F1A3521-04BC-4BD3-867F-EF3D10059451}"
EndProject
Project("{FAE04EC0-301F-11D3-BF4B-00C04F79EFBC}") = "HiveMinds.Common", "HiveMinds.Common\HiveMinds.Common.csproj", "{3A4EA97B-22A5-48FA-8470-8AD7D833EF0F}"
EndProject
Project("{FAE04EC0-301F-11D3-BF4B-00C04F79EFBC}") = "HiveMinds.DTO", "HiveMinds.DTO\HiveMinds.DTO.csproj", "{DD7427C8-7946-43A9-87EB-240D68CF1610}"
EndProject
Project("{FAE04EC0-301F-11D3-BF4B-00C04F79EFBC}") = "HiveMinds.Tests", "HiveMinds.Tests\HiveMinds.Tests.csproj", "{DAFCC02D-B4A7-43E9-82D9-434F535EE68C}"
EndProject
Project("{FAE04EC0-301F-11D3-BF4B-00C04F79EFBC}") = "HiveMinds.API.Tests", "HiveMinds.API.Tests\HiveMinds.API.Tests.csproj", "{7E08FDEB-A5CB-4B33-8944-BBC67931FCA1}"
EndProject
Project("{2150E333-8FDC-42A3-9474-1A3956D46DE8}") = "src", "src", "{D5CDAA5E-5B62-4FE2-A62B-0B5AC10F198D}"
EndProject
Project("{2150E333-8FDC-42A3-9474-1A3956D46DE8}") = "tests", "tests", "{777B4B24-27FD-40E0-9C34-58644F1A052A}"
EndProject
Global
	GlobalSection(SolutionConfigurationPlatforms) = preSolution
		Debug|Any CPU = Debug|Any CPU
		Release|Any CPU = Release|Any CPU
	EndGlobalSection
	GlobalSection(ProjectConfigurationPlatforms) = postSolution
		{EF525BB2-D718-4D35-8809-4F7033608590}.Debug|Any CPU.ActiveCfg = Debug|Any CPU
		{EF525BB2-D718-4D35-8809-4F7033608590}.Debug|Any CPU.Build.0 = Debug|Any CPU
		{EF525BB2-D718-4D35-8809-4F7033608590}.Release|Any CPU.ActiveCfg = Release|Any CPU
		{EF525BB2-D718-4D35-8809-4F7033608590}.Release|Any CPU.Build.0 = Release|Any CPU
		{47C1833F-9DD3-4B9C-82FE-88EAA2845C57}.Debug|Any CPU.ActiveCfg = Debug|Any CPU
		{47C1833F-9DD3-4B9C-82FE-88EAA2845C57}.Debug|Any CPU.Build.0 = Debug|Any CPU
		{47C1833F-9DD3-4B9C-82FE-88EAA2845C57}.Release|Any CPU.ActiveCfg = Release|Any CPU
		{47C1833F-9DD3-4B9C-82FE-88EAA2845C57}.Release|Any CPU.Build.0 = Release|Any CPU
		{B17894C8-2F88-4C9A-BC64-29B100288245}.Debug|Any CPU.ActiveCfg = Debug|Any CPU
		{B17894C8-2F88-4C9A-BC64-29B100288245}.Debug|Any CPU.Build.0 = Debug|Any CPU
		{B17894C8-2F88-4C9A-BC64-29B100288245}.Release|Any CPU.ActiveCfg = Release|Any CPU
		{B17894C8-2F88-4C9A-BC64-29B100288245}.Release|Any CPU.Build.0 = Release|Any CPU
		{0F1A3521-04BC-4BD3-867F-EF3D10059451}.Debug|Any CPU.ActiveCfg = Debug|Any CPU
		{0F1A3521-04BC-4BD3-867F-EF3D10059451}.Debug|Any CPU.Build.0 = Debug|Any CPU
		{0F1A3521-04BC-4BD3-867F-EF3D10059451}.Release|Any CPU.ActiveCfg = Release|Any CPU
		{0F1A3521-04BC-4BD3-867F-EF3D10059451}.Release|Any CPU.Build.0 = Release|Any CPU
		{3A4EA97B-22A5-48FA-8470-8AD7D833EF0F}.Debug|Any CPU.ActiveCfg = Debug|Any CPU
		{3A4EA97B-22A5-48FA-8470-8AD7D833EF0F}.Debug|Any CPU.Build.0 = Debug|Any CPU
		{3A4EA97B-22A5-48FA-8470-8AD7D833EF0F}.Release|Any CPU.ActiveCfg = Release|Any CPU
		{3A4EA97B-22A5-48FA-8470-8AD7D833EF0F}.Release|Any CPU.Build.0 = Release|Any CPU
		{DD7427C8-7946-43A9-87EB-240D68CF1610}.Debug|Any CPU.ActiveCfg = Debug|Any CPU
		{DD7427C8-7946-43A9-87EB-240D68CF1610}.Debug|Any CPU.Build.0 = Debug|Any CPU
		{DD7427C8-7946-43A9-87EB-240D68CF1610}.Release|Any CPU.ActiveCfg = Release|Any CPU
		{DD7427C8-7946-43A9-87EB-240D68CF1610}.Release|Any CPU.Build.0 = Release|Any CPU
		{DAFCC02D-B4A7-43E9-82D9-434F535EE68C}.Debug|Any CPU.ActiveCfg = Debug|Any CPU
		{DAFCC02D-B4A7-43E9-82D9-434F535EE68C}.Debug|Any CPU.Build.0 = Debug|Any CPU
		{DAFCC02D-B4A7-43E9-82D9-434F535EE68C}.Release|Any CPU.ActiveCfg = Release|Any CPU
		{DAFCC02D-B4A7-43E9-82D9-434F535EE68C}.Release|Any CPU.Build.0 = Release|Any CPU
		{7E08FDEB-A5CB-4B33-8944-BBC67931FCA1}.Debug|Any CPU.ActiveCfg = Debug|Any CPU
		{7E08FDEB-A5CB-4B33-8944-BBC67931FCA1}.Debug|Any CPU.Build.0 = Debug|Any CPU
		{7E08FDEB-A5CB-4B33-8944-BBC67931FCA1}.Release|Any CPU.ActiveCfg = Release|Any CPU
		{7E08FDEB-A5CB-4B33-8944-BBC67931FCA1}.Release|Any CPU.Build.0 = Release|Any CPU
	EndGlobalSection
	GlobalSection(NestedProjects) = preSolution
		{EF525BB2-D718-4D35-8809-4F7033608590} = {D5CDAA5E-5B62-4FE2-A62B-0B5AC10F198D}
		{47C1833F-9DD3-4B9C-82FE-88EAA2845C57} = {D5CDAA5E-5B62-4FE2-A62B-0B5AC10F198D}
		{3A4EA97B-22A5-48FA-8470-8AD7D833EF0F} = {D5CDAA5E-5B62-4FE2-A62B-0B5AC10F198D}
		{B17894C8-2F88-4C9A-BC64-29B100288245} = {D5CDAA5E-5B62-4FE2-A62B-0B5AC10F198D}
		{DD7427C8-7946-43A9-87EB-240D68CF1610} = {D5CDAA5E-5B62-4FE2-A62B-0B5AC10F198D}
		{0F1A3521-04BC-4BD3-867F-EF3D10059451} = {D5CDAA5E-5B62-4FE2-A62B-0B5AC10F198D}
		{7E08FDEB-A5CB-4B33-8944-BBC67931FCA1} = {777B4B24-27FD-40E0-9C34-58644F1A052A}
		{DAFCC02D-B4A7-43E9-82D9-434F535EE68C} = {777B4B24-27FD-40E0-9C34-58644F1A052A}
	EndGlobalSection
EndGlobal
